
Microsoft Visual Studio Solution File, Format Version 12.00
# Visual Studio Version 16
VisualStudioVersion = 16.0.29613.14
MinimumVisualStudioVersion = 10.0.40219.1
Project("{FAE04EC0-301F-11D3-BF4B-00C04F79EFBC}") = "MixCalc", "MixCalc\MixCalc.csproj", "{A14770C5-5997-4CB3-815B-08D7CD3F9CA8}"
EndProject
Project("{FAE04EC0-301F-11D3-BF4B-00C04F79EFBC}") = "Tests", "Tests\Tests.csproj", "{F2F5D8B2-D972-4CFC-8D2C-43CAFC089FA1}"
EndProject
Project("{2150E333-8FDC-42A3-9474-1A3956D46DE8}") = "Solution Items", "Solution Items", "{BF4EE88B-98E8-4D61-9E4C-331177681B81}"
	ProjectSection(SolutionItems) = preProject
		.editorconfig = .editorconfig
	EndProjectSection
EndProject
Global
	GlobalSection(SolutionConfigurationPlatforms) = preSolution
		Debug|Any CPU = Debug|Any CPU
		Debug|x64 = Debug|x64
		Release|Any CPU = Release|Any CPU
		Release|x64 = Release|x64
	EndGlobalSection
	GlobalSection(ProjectConfigurationPlatforms) = postSolution
		{A14770C5-5997-4CB3-815B-08D7CD3F9CA8}.Debug|Any CPU.ActiveCfg = Debug|Any CPU
		{A14770C5-5997-4CB3-815B-08D7CD3F9CA8}.Debug|Any CPU.Build.0 = Debug|Any CPU
		{A14770C5-5997-4CB3-815B-08D7CD3F9CA8}.Debug|x64.ActiveCfg = Debug|x64
		{A14770C5-5997-4CB3-815B-08D7CD3F9CA8}.Debug|x64.Build.0 = Debug|x64
		{A14770C5-5997-4CB3-815B-08D7CD3F9CA8}.Release|Any CPU.ActiveCfg = Release|Any CPU
		{A14770C5-5997-4CB3-815B-08D7CD3F9CA8}.Release|Any CPU.Build.0 = Release|Any CPU
		{A14770C5-5997-4CB3-815B-08D7CD3F9CA8}.Release|x64.ActiveCfg = Release|x64
		{A14770C5-5997-4CB3-815B-08D7CD3F9CA8}.Release|x64.Build.0 = Release|x64
		{F2F5D8B2-D972-4CFC-8D2C-43CAFC089FA1}.Debug|Any CPU.ActiveCfg = Debug|Any CPU
		{F2F5D8B2-D972-4CFC-8D2C-43CAFC089FA1}.Debug|Any CPU.Build.0 = Debug|Any CPU
		{F2F5D8B2-D972-4CFC-8D2C-43CAFC089FA1}.Debug|x64.ActiveCfg = Debug|x64
		{F2F5D8B2-D972-4CFC-8D2C-43CAFC089FA1}.Debug|x64.Build.0 = Debug|x64
		{F2F5D8B2-D972-4CFC-8D2C-43CAFC089FA1}.Release|Any CPU.ActiveCfg = Release|Any CPU
		{F2F5D8B2-D972-4CFC-8D2C-43CAFC089FA1}.Release|Any CPU.Build.0 = Release|Any CPU
		{F2F5D8B2-D972-4CFC-8D2C-43CAFC089FA1}.Release|x64.ActiveCfg = Release|x64
		{F2F5D8B2-D972-4CFC-8D2C-43CAFC089FA1}.Release|x64.Build.0 = Release|x64
	EndGlobalSection
	GlobalSection(SolutionProperties) = preSolution
		HideSolutionNode = FALSE
	EndGlobalSection
	GlobalSection(ExtensibilityGlobals) = postSolution
		SolutionGuid = {0D04A9D5-72BF-4CB8-9790-DA15DD300209}
	EndGlobalSection
EndGlobal
